
Microsoft Visual Studio Solution File, Format Version 12.00
# Visual Studio Version 16
VisualStudioVersion = 16.0.30011.22
MinimumVisualStudioVersion = 10.0.40219.1
Project("{FAE04EC0-301F-11D3-BF4B-00C04F79EFBC}") = "Recotur2", "Recotur2\Recotur2.csproj", "{672D4ED6-4046-44AF-A7B1-276E667EF446}"
EndProject
Global
	GlobalSection(SolutionConfigurationPlatforms) = preSolution
		Debug|Any CPU = Debug|Any CPU
		Release|Any CPU = Release|Any CPU
	EndGlobalSection
	GlobalSection(ProjectConfigurationPlatforms) = postSolution
		{672D4ED6-4046-44AF-A7B1-276E667EF446}.Debug|Any CPU.ActiveCfg = Debug|Any CPU
		{672D4ED6-4046-44AF-A7B1-276E667EF446}.Debug|Any CPU.Build.0 = Debug|Any CPU
		{672D4ED6-4046-44AF-A7B1-276E667EF446}.Release|Any CPU.ActiveCfg = Release|Any CPU
		{672D4ED6-4046-44AF-A7B1-276E667EF446}.Release|Any CPU.Build.0 = Release|Any CPU
	EndGlobalSection
	GlobalSection(SolutionProperties) = preSolution
		HideSolutionNode = FALSE
	EndGlobalSection
	GlobalSection(ExtensibilityGlobals) = postSolution
		SolutionGuid = {DDD9662E-0683-43E0-88F8-467EF5313C24}
	EndGlobalSection
EndGlobal
